// !$*UTF8*$!
{
	archiveVersion = 1;
	classes = {
	};
	objectVersion = 55;
	objects = {

/* Begin PBXBuildFile section */
		422A06CD275844D800701C0C /* Day2.swift in Sources */ = {isa = PBXBuildFile; fileRef = 422A06CC275844D800701C0C /* Day2.swift */; };
		424AD763275E0EDE00D3D498 /* Day5.swift in Sources */ = {isa = PBXBuildFile; fileRef = 424AD762275E0EDE00D3D498 /* Day5.swift */; };
		424AD765275E1B1700D3D498 /* Day6.swift in Sources */ = {isa = PBXBuildFile; fileRef = 424AD764275E1B1700D3D498 /* Day6.swift */; };
		424AD768275E320700D3D498 /* Algorithms.swift in Sources */ = {isa = PBXBuildFile; fileRef = 424AD767275E320700D3D498 /* Algorithms.swift */; };
		4291A0CA27572C4400C42CE3 /* main.swift in Sources */ = {isa = PBXBuildFile; fileRef = 4291A0C927572C4400C42CE3 /* main.swift */; };
		4291A0D127573F3900C42CE3 /* input in CopyFiles */ = {isa = PBXBuildFile; fileRef = 4291A0D027573F0100C42CE3 /* input */; };
		4291A0E527573F9900C42CE3 /* tests in CopyFiles */ = {isa = PBXBuildFile; fileRef = 4291A0E427573F8600C42CE3 /* tests */; };
		4291A0E727583FF200C42CE3 /* Day.swift in Sources */ = {isa = PBXBuildFile; fileRef = 4291A0E627583FF200C42CE3 /* Day.swift */; };
		4291A0E92758400E00C42CE3 /* Day1.swift in Sources */ = {isa = PBXBuildFile; fileRef = 4291A0E82758400E00C42CE3 /* Day1.swift */; };
		42D2F12B275C60DA00806B19 /* Day3.swift in Sources */ = {isa = PBXBuildFile; fileRef = 42D2F12A275C60DA00806B19 /* Day3.swift */; };
		42D2F12D275DCC4C00806B19 /* Day4.swift in Sources */ = {isa = PBXBuildFile; fileRef = 42D2F12C275DCC4C00806B19 /* Day4.swift */; };
/* End PBXBuildFile section */

/* Begin PBXCopyFilesBuildPhase section */
		4291A0C427572C4400C42CE3 /* CopyFiles */ = {
			isa = PBXCopyFilesBuildPhase;
			buildActionMask = 12;
			dstPath = "";
			dstSubfolderSpec = 16;
			files = (
				4291A0D127573F3900C42CE3 /* input in CopyFiles */,
				4291A0E527573F9900C42CE3 /* tests in CopyFiles */,
			);
			runOnlyForDeploymentPostprocessing = 0;
		};
/* End PBXCopyFilesBuildPhase section */

/* Begin PBXFileReference section */
		422A06CC275844D800701C0C /* Day2.swift */ = {isa = PBXFileReference; lastKnownFileType = sourcecode.swift; path = Day2.swift; sourceTree = "<group>"; };
		424AD762275E0EDE00D3D498 /* Day5.swift */ = {isa = PBXFileReference; lastKnownFileType = sourcecode.swift; path = Day5.swift; sourceTree = "<group>"; };
		424AD764275E1B1700D3D498 /* Day6.swift */ = {isa = PBXFileReference; lastKnownFileType = sourcecode.swift; path = Day6.swift; sourceTree = "<group>"; };
		424AD767275E320700D3D498 /* Algorithms.swift */ = {isa = PBXFileReference; lastKnownFileType = sourcecode.swift; path = Algorithms.swift; sourceTree = "<group>"; };
		4291A0C627572C4400C42CE3 /* AoC2021 */ = {isa = PBXFileReference; explicitFileType = "compiled.mach-o.executable"; includeInIndex = 0; path = AoC2021; sourceTree = BUILT_PRODUCTS_DIR; };
		4291A0C927572C4400C42CE3 /* main.swift */ = {isa = PBXFileReference; lastKnownFileType = sourcecode.swift; path = main.swift; sourceTree = "<group>"; };
		4291A0D027573F0100C42CE3 /* input */ = {isa = PBXFileReference; fileEncoding = 4; lastKnownFileType = folder; path = input; sourceTree = SOURCE_ROOT; };
		4291A0E427573F8600C42CE3 /* tests */ = {isa = PBXFileReference; fileEncoding = 4; lastKnownFileType = folder; path = tests; sourceTree = SOURCE_ROOT; };
		4291A0E627583FF200C42CE3 /* Day.swift */ = {isa = PBXFileReference; lastKnownFileType = sourcecode.swift; path = Day.swift; sourceTree = "<group>"; };
		4291A0E82758400E00C42CE3 /* Day1.swift */ = {isa = PBXFileReference; lastKnownFileType = sourcecode.swift; path = Day1.swift; sourceTree = "<group>"; };
		42D2F12A275C60DA00806B19 /* Day3.swift */ = {isa = PBXFileReference; lastKnownFileType = sourcecode.swift; path = Day3.swift; sourceTree = "<group>"; };
		42D2F12C275DCC4C00806B19 /* Day4.swift */ = {isa = PBXFileReference; lastKnownFileType = sourcecode.swift; path = Day4.swift; sourceTree = "<group>"; };
/* End PBXFileReference section */

/* Begin PBXFrameworksBuildPhase section */
		4291A0C327572C4400C42CE3 /* Frameworks */ = {
			isa = PBXFrameworksBuildPhase;
			buildActionMask = 2147483647;
			files = (
			);
			runOnlyForDeploymentPostprocessing = 0;
		};
/* End PBXFrameworksBuildPhase section */

/* Begin PBXGroup section */
		4291A0BD27572C4300C42CE3 = {
			isa = PBXGroup;
			children = (
				4291A0C827572C4400C42CE3 /* AoC2021 */,
				4291A0C727572C4400C42CE3 /* Products */,
			);
			sourceTree = "<group>";
		};
		4291A0C727572C4400C42CE3 /* Products */ = {
			isa = PBXGroup;
			children = (
				4291A0C627572C4400C42CE3 /* AoC2021 */,
			);
			name = Products;
			sourceTree = "<group>";
		};
		4291A0C827572C4400C42CE3 /* AoC2021 */ = {
			isa = PBXGroup;
			children = (
				4291A0C927572C4400C42CE3 /* main.swift */,
				4291A0E82758400E00C42CE3 /* Day1.swift */,
				422A06CC275844D800701C0C /* Day2.swift */,
				42D2F12A275C60DA00806B19 /* Day3.swift */,
				42D2F12C275DCC4C00806B19 /* Day4.swift */,
				424AD762275E0EDE00D3D498 /* Day5.swift */,
				424AD764275E1B1700D3D498 /* Day6.swift */,
				4291A0E627583FF200C42CE3 /* Day.swift */,
				424AD767275E320700D3D498 /* Algorithms.swift */,
				4291A0E427573F8600C42CE3 /* tests */,
				4291A0D027573F0100C42CE3 /* input */,
			);
			path = AoC2021;
			sourceTree = "<group>";
		};
/* End PBXGroup section */

/* Begin PBXNativeTarget section */
		4291A0C527572C4400C42CE3 /* AoC2021 */ = {
			isa = PBXNativeTarget;
			buildConfigurationList = 4291A0CD27572C4400C42CE3 /* Build configuration list for PBXNativeTarget "AoC2021" */;
			buildPhases = (
				4291A0C227572C4400C42CE3 /* Sources */,
				4291A0C327572C4400C42CE3 /* Frameworks */,
				4291A0C427572C4400C42CE3 /* CopyFiles */,
			);
			buildRules = (
			);
			dependencies = (
			);
			name = AoC2021;
			productName = AoC2021;
			productReference = 4291A0C627572C4400C42CE3 /* AoC2021 */;
			productType = "com.apple.product-type.tool";
		};
/* End PBXNativeTarget section */

/* Begin PBXProject section */
		4291A0BE27572C4400C42CE3 /* Project object */ = {
			isa = PBXProject;
			attributes = {
				BuildIndependentTargetsInParallel = 1;
				LastSwiftUpdateCheck = 1310;
				LastUpgradeCheck = 1310;
				TargetAttributes = {
					4291A0C527572C4400C42CE3 = {
						CreatedOnToolsVersion = 13.1;
					};
				};
			};
			buildConfigurationList = 4291A0C127572C4400C42CE3 /* Build configuration list for PBXProject "AoC2021" */;
			compatibilityVersion = "Xcode 13.0";
			developmentRegion = en;
			hasScannedForEncodings = 0;
			knownRegions = (
				en,
				Base,
			);
			mainGroup = 4291A0BD27572C4300C42CE3;
			packageReferences = (
			);
			productRefGroup = 4291A0C727572C4400C42CE3 /* Products */;
			projectDirPath = "";
			projectRoot = "";
			targets = (
				4291A0C527572C4400C42CE3 /* AoC2021 */,
			);
		};
/* End PBXProject section */

/* Begin PBXSourcesBuildPhase section */
		4291A0C227572C4400C42CE3 /* Sources */ = {
			isa = PBXSourcesBuildPhase;
			buildActionMask = 2147483647;
			files = (
				4291A0E727583FF200C42CE3 /* Day.swift in Sources */,
				424AD765275E1B1700D3D498 /* Day6.swift in Sources */,
				424AD763275E0EDE00D3D498 /* Day5.swift in Sources */,
				42D2F12D275DCC4C00806B19 /* Day4.swift in Sources */,
				422A06CD275844D800701C0C /* Day2.swift in Sources */,
				424AD768275E320700D3D498 /* Algorithms.swift in Sources */,
				4291A0E92758400E00C42CE3 /* Day1.swift in Sources */,
				42D2F12B275C60DA00806B19 /* Day3.swift in Sources */,
				4291A0CA27572C4400C42CE3 /* main.swift in Sources */,
			);
			runOnlyForDeploymentPostprocessing = 0;
		};
/* End PBXSourcesBuildPhase section */

/* Begin XCBuildConfiguration section */
		4291A0CB27572C4400C42CE3 /* Debug */ = {
			isa = XCBuildConfiguration;
			buildSettings = {
				ALWAYS_SEARCH_USER_PATHS = NO;
				CLANG_ANALYZER_NONNULL = YES;
				CLANG_ANALYZER_NUMBER_OBJECT_CONVERSION = YES_AGGRESSIVE;
				CLANG_CXX_LANGUAGE_STANDARD = "gnu++17";
				CLANG_CXX_LIBRARY = "libc++";
				CLANG_ENABLE_MODULES = YES;
				CLANG_ENABLE_OBJC_ARC = YES;
				CLANG_ENABLE_OBJC_WEAK = YES;
				CLANG_WARN_BLOCK_CAPTURE_AUTORELEASING = YES;
				CLANG_WARN_BOOL_CONVERSION = YES;
				CLANG_WARN_COMMA = YES;
				CLANG_WARN_CONSTANT_CONVERSION = YES;
				CLANG_WARN_DEPRECATED_OBJC_IMPLEMENTATIONS = YES;
				CLANG_WARN_DIRECT_OBJC_ISA_USAGE = YES_ERROR;
				CLANG_WARN_DOCUMENTATION_COMMENTS = YES;
				CLANG_WARN_EMPTY_BODY = YES;
				CLANG_WARN_ENUM_CONVERSION = YES;
				CLANG_WARN_INFINITE_RECURSION = YES;
				CLANG_WARN_INT_CONVERSION = YES;
				CLANG_WARN_NON_LITERAL_NULL_CONVERSION = YES;
				CLANG_WARN_OBJC_IMPLICIT_RETAIN_SELF = YES;
				CLANG_WARN_OBJC_LITERAL_CONVERSION = YES;
				CLANG_WARN_OBJC_ROOT_CLASS = YES_ERROR;
				CLANG_WARN_QUOTED_INCLUDE_IN_FRAMEWORK_HEADER = YES;
				CLANG_WARN_RANGE_LOOP_ANALYSIS = YES;
				CLANG_WARN_STRICT_PROTOTYPES = YES;
				CLANG_WARN_SUSPICIOUS_MOVE = YES;
				CLANG_WARN_UNGUARDED_AVAILABILITY = YES_AGGRESSIVE;
				CLANG_WARN_UNREACHABLE_CODE = YES;
				CLANG_WARN__DUPLICATE_METHOD_MATCH = YES;
				COPY_PHASE_STRIP = NO;
				DEBUG_INFORMATION_FORMAT = dwarf;
				ENABLE_STRICT_OBJC_MSGSEND = YES;
				ENABLE_TESTABILITY = YES;
				GCC_C_LANGUAGE_STANDARD = gnu11;
				GCC_DYNAMIC_NO_PIC = NO;
				GCC_NO_COMMON_BLOCKS = YES;
				GCC_OPTIMIZATION_LEVEL = 0;
				GCC_PREPROCESSOR_DEFINITIONS = (
					"DEBUG=1",
					"$(inherited)",
				);
				GCC_WARN_64_TO_32_BIT_CONVERSION = YES;
				GCC_WARN_ABOUT_RETURN_TYPE = YES_ERROR;
				GCC_WARN_UNDECLARED_SELECTOR = YES;
				GCC_WARN_UNINITIALIZED_AUTOS = YES_AGGRESSIVE;
				GCC_WARN_UNUSED_FUNCTION = YES;
				GCC_WARN_UNUSED_VARIABLE = YES;
				MACOSX_DEPLOYMENT_TARGET = 12.0;
				MTL_ENABLE_DEBUG_INFO = INCLUDE_SOURCE;
				MTL_FAST_MATH = YES;
				ONLY_ACTIVE_ARCH = YES;
				SDKROOT = macosx;
				SWIFT_ACTIVE_COMPILATION_CONDITIONS = DEBUG;
				SWIFT_OPTIMIZATION_LEVEL = "-Onone";
			};
			name = Debug;
		};
		4291A0CC27572C4400C42CE3 /* Release */ = {
			isa = XCBuildConfiguration;
			buildSettings = {
				ALWAYS_SEARCH_USER_PATHS = NO;
				CLANG_ANALYZER_NONNULL = YES;
				CLANG_ANALYZER_NUMBER_OBJECT_CONVERSION = YES_AGGRESSIVE;
				CLANG_CXX_LANGUAGE_STANDARD = "gnu++17";
				CLANG_CXX_LIBRARY = "libc++";
				CLANG_ENABLE_MODULES = YES;
				CLANG_ENABLE_OBJC_ARC = YES;
				CLANG_ENABLE_OBJC_WEAK = YES;
				CLANG_WARN_BLOCK_CAPTURE_AUTORELEASING = YES;
				CLANG_WARN_BOOL_CONVERSION = YES;
				CLANG_WARN_COMMA = YES;
				CLANG_WARN_CONSTANT_CONVERSION = YES;
				CLANG_WARN_DEPRECATED_OBJC_IMPLEMENTATIONS = YES;
				CLANG_WARN_DIRECT_OBJC_ISA_USAGE = YES_ERROR;
				CLANG_WARN_DOCUMENTATION_COMMENTS = YES;
				CLANG_WARN_EMPTY_BODY = YES;
				CLANG_WARN_ENUM_CONVERSION = YES;
				CLANG_WARN_INFINITE_RECURSION = YES;
				CLANG_WARN_INT_CONVERSION = YES;
				CLANG_WARN_NON_LITERAL_NULL_CONVERSION = YES;
				CLANG_WARN_OBJC_IMPLICIT_RETAIN_SELF = YES;
				CLANG_WARN_OBJC_LITERAL_CONVERSION = YES;
				CLANG_WARN_OBJC_ROOT_CLASS = YES_ERROR;
				CLANG_WARN_QUOTED_INCLUDE_IN_FRAMEWORK_HEADER = YES;
				CLANG_WARN_RANGE_LOOP_ANALYSIS = YES;
				CLANG_WARN_STRICT_PROTOTYPES = YES;
				CLANG_WARN_SUSPICIOUS_MOVE = YES;
				CLANG_WARN_UNGUARDED_AVAILABILITY = YES_AGGRESSIVE;
				CLANG_WARN_UNREACHABLE_CODE = YES;
				CLANG_WARN__DUPLICATE_METHOD_MATCH = YES;
				COPY_PHASE_STRIP = NO;
				DEBUG_INFORMATION_FORMAT = "dwarf-with-dsym";
				ENABLE_NS_ASSERTIONS = NO;
				ENABLE_STRICT_OBJC_MSGSEND = YES;
				GCC_C_LANGUAGE_STANDARD = gnu11;
				GCC_NO_COMMON_BLOCKS = YES;
				GCC_WARN_64_TO_32_BIT_CONVERSION = YES;
				GCC_WARN_ABOUT_RETURN_TYPE = YES_ERROR;
				GCC_WARN_UNDECLARED_SELECTOR = YES;
				GCC_WARN_UNINITIALIZED_AUTOS = YES_AGGRESSIVE;
				GCC_WARN_UNUSED_FUNCTION = YES;
				GCC_WARN_UNUSED_VARIABLE = YES;
				MACOSX_DEPLOYMENT_TARGET = 12.0;
				MTL_ENABLE_DEBUG_INFO = NO;
				MTL_FAST_MATH = YES;
				SDKROOT = macosx;
				SWIFT_COMPILATION_MODE = wholemodule;
				SWIFT_OPTIMIZATION_LEVEL = "-O";
			};
			name = Release;
		};
		4291A0CE27572C4400C42CE3 /* Debug */ = {
			isa = XCBuildConfiguration;
			buildSettings = {
				CODE_SIGN_STYLE = Automatic;
				DEVELOPMENT_TEAM = 6BMWGWNHT7;
				ENABLE_HARDENED_RUNTIME = YES;
				PRODUCT_NAME = "$(TARGET_NAME)";
				SWIFT_VERSION = 5.0;
			};
			name = Debug;
		};
		4291A0CF27572C4400C42CE3 /* Release */ = {
			isa = XCBuildConfiguration;
			buildSettings = {
				CODE_SIGN_STYLE = Automatic;
				DEVELOPMENT_TEAM = 6BMWGWNHT7;
				ENABLE_HARDENED_RUNTIME = YES;
				PRODUCT_NAME = "$(TARGET_NAME)";
				SWIFT_VERSION = 5.0;
			};
			name = Release;
		};
/* End XCBuildConfiguration section */

/* Begin XCConfigurationList section */
		4291A0C127572C4400C42CE3 /* Build configuration list for PBXProject "AoC2021" */ = {
			isa = XCConfigurationList;
			buildConfigurations = (
				4291A0CB27572C4400C42CE3 /* Debug */,
				4291A0CC27572C4400C42CE3 /* Release */,
			);
			defaultConfigurationIsVisible = 0;
			defaultConfigurationName = Release;
		};
		4291A0CD27572C4400C42CE3 /* Build configuration list for PBXNativeTarget "AoC2021" */ = {
			isa = XCConfigurationList;
			buildConfigurations = (
				4291A0CE27572C4400C42CE3 /* Debug */,
				4291A0CF27572C4400C42CE3 /* Release */,
			);
			defaultConfigurationIsVisible = 0;
			defaultConfigurationName = Release;
		};
/* End XCConfigurationList section */
	};
	rootObject = 4291A0BE27572C4400C42CE3 /* Project object */;
}
